
Microsoft Visual Studio Solution File, Format Version 12.00
# Visual Studio Version 17
VisualStudioVersion = 17.8.34330.188
MinimumVisualStudioVersion = 10.0.40219.1
Project("{FAE04EC0-301F-11D3-BF4B-00C04F79EFBC}") = "Calculator", "Calculator\Calculator.csproj", "{B2857C7B-5E63-490C-87F6-E1A3E1A58770}"
EndProject
Global
	GlobalSection(SolutionConfigurationPlatforms) = preSolution
		Debug|Any CPU = Debug|Any CPU
		Release|Any CPU = Release|Any CPU
	EndGlobalSection
	GlobalSection(ProjectConfigurationPlatforms) = postSolution
		{B2857C7B-5E63-490C-87F6-E1A3E1A58770}.Debug|Any CPU.ActiveCfg = Debug|Any CPU
		{B2857C7B-5E63-490C-87F6-E1A3E1A58770}.Debug|Any CPU.Build.0 = Debug|Any CPU
		{B2857C7B-5E63-490C-87F6-E1A3E1A58770}.Release|Any CPU.ActiveCfg = Release|Any CPU
		{B2857C7B-5E63-490C-87F6-E1A3E1A58770}.Release|Any CPU.Build.0 = Release|Any CPU
	EndGlobalSection
	GlobalSection(SolutionProperties) = preSolution
		HideSolutionNode = FALSE
	EndGlobalSection
	GlobalSection(ExtensibilityGlobals) = postSolution
		SolutionGuid = {235B2185-9E74-420A-8B29-1825ED4F6884}
	EndGlobalSection
EndGlobal
